
Microsoft Visual Studio Solution File, Format Version 12.00
# Visual Studio Version 17
VisualStudioVersion = 17.9.34701.34
MinimumVisualStudioVersion = 10.0.40219.1
Project("{FAE04EC0-301F-11D3-BF4B-00C04F79EFBC}") = "Стани богат", "Стани богат\Стани богат.csproj", "{1487E3B7-0D8F-42E6-99DC-DD57B60F5816}"
EndProject
Global
	GlobalSection(SolutionConfigurationPlatforms) = preSolution
		Debug|Any CPU = Debug|Any CPU
		Release|Any CPU = Release|Any CPU
	EndGlobalSection
	GlobalSection(ProjectConfigurationPlatforms) = postSolution
		{1487E3B7-0D8F-42E6-99DC-DD57B60F5816}.Debug|Any CPU.ActiveCfg = Debug|Any CPU
		{1487E3B7-0D8F-42E6-99DC-DD57B60F5816}.Debug|Any CPU.Build.0 = Debug|Any CPU
		{1487E3B7-0D8F-42E6-99DC-DD57B60F5816}.Release|Any CPU.ActiveCfg = Release|Any CPU
		{1487E3B7-0D8F-42E6-99DC-DD57B60F5816}.Release|Any CPU.Build.0 = Release|Any CPU
	EndGlobalSection
	GlobalSection(SolutionProperties) = preSolution
		HideSolutionNode = FALSE
	EndGlobalSection
	GlobalSection(ExtensibilityGlobals) = postSolution
		SolutionGuid = {DA932756-4553-4A28-92A3-D802EC1DDC48}
	EndGlobalSection
EndGlobal
